
Microsoft Visual Studio Solution File, Format Version 12.00
# Visual Studio 14
VisualStudioVersion = 14.0.23107.0
MinimumVisualStudioVersion = 10.0.40219.1
Project("{FAE04EC0-301F-11D3-BF4B-00C04F79EFBC}") = "Authentication.AUTH", "Authentication.AUTH\Authentication.AUTH.csproj", "{35216126-E044-41A0-B078-F214505075B9}"
EndProject
Project("{FAE04EC0-301F-11D3-BF4B-00C04F79EFBC}") = "Authentication.AUTH.Tests", "Authentication.AUTH.Tests\Authentication.AUTH.Tests.csproj", "{0C6527FB-A4FB-48C5-A082-E59BD2C475E5}"
EndProject
Project("{E24C65DC-7377-472B-9ABA-BC803B73C61A}") = "Authentication.Web", "Authentication.Web\", "{375B3F8A-A5CF-4239-8623-97F62A488E24}"
	ProjectSection(WebsiteProperties) = preProject
		TargetFrameworkMoniker = ".NETFramework,Version%3Dv4.5.2"
		Debug.AspNetCompiler.VirtualPath = "/localhost_60492"
		Debug.AspNetCompiler.PhysicalPath = "Authentication.Web\"
		Debug.AspNetCompiler.TargetPath = "PrecompiledWeb\localhost_60492\"
		Debug.AspNetCompiler.Updateable = "true"
		Debug.AspNetCompiler.ForceOverwrite = "true"
		Debug.AspNetCompiler.FixedNames = "false"
		Debug.AspNetCompiler.Debug = "True"
		Release.AspNetCompiler.VirtualPath = "/localhost_60492"
		Release.AspNetCompiler.PhysicalPath = "Authentication.Web\"
		Release.AspNetCompiler.TargetPath = "PrecompiledWeb\localhost_60492\"
		Release.AspNetCompiler.Updateable = "true"
		Release.AspNetCompiler.ForceOverwrite = "true"
		Release.AspNetCompiler.FixedNames = "false"
		Release.AspNetCompiler.Debug = "False"
		VWDPort = "60492"
		DefaultWebSiteLanguage = "Visual C#"
	EndProjectSection
EndProject
Global
	GlobalSection(SolutionConfigurationPlatforms) = preSolution
		Debug|Any CPU = Debug|Any CPU
		Release|Any CPU = Release|Any CPU
	EndGlobalSection
	GlobalSection(ProjectConfigurationPlatforms) = postSolution
		{35216126-E044-41A0-B078-F214505075B9}.Debug|Any CPU.ActiveCfg = Debug|Any CPU
		{35216126-E044-41A0-B078-F214505075B9}.Debug|Any CPU.Build.0 = Debug|Any CPU
		{35216126-E044-41A0-B078-F214505075B9}.Release|Any CPU.ActiveCfg = Release|Any CPU
		{35216126-E044-41A0-B078-F214505075B9}.Release|Any CPU.Build.0 = Release|Any CPU
		{0C6527FB-A4FB-48C5-A082-E59BD2C475E5}.Debug|Any CPU.ActiveCfg = Debug|Any CPU
		{0C6527FB-A4FB-48C5-A082-E59BD2C475E5}.Debug|Any CPU.Build.0 = Debug|Any CPU
		{0C6527FB-A4FB-48C5-A082-E59BD2C475E5}.Release|Any CPU.ActiveCfg = Release|Any CPU
		{0C6527FB-A4FB-48C5-A082-E59BD2C475E5}.Release|Any CPU.Build.0 = Release|Any CPU
		{375B3F8A-A5CF-4239-8623-97F62A488E24}.Debug|Any CPU.ActiveCfg = Debug|Any CPU
		{375B3F8A-A5CF-4239-8623-97F62A488E24}.Debug|Any CPU.Build.0 = Debug|Any CPU
		{375B3F8A-A5CF-4239-8623-97F62A488E24}.Release|Any CPU.ActiveCfg = Debug|Any CPU
		{375B3F8A-A5CF-4239-8623-97F62A488E24}.Release|Any CPU.Build.0 = Debug|Any CPU
	EndGlobalSection
	GlobalSection(SolutionProperties) = preSolution
		HideSolutionNode = FALSE
	EndGlobalSection
EndGlobal
